
Microsoft Visual Studio Solution File, Format Version 12.00
# Visual Studio Version 16
VisualStudioVersion = 16.0.33214.272
MinimumVisualStudioVersion = 10.0.40219.1
Project("{8BC9CEB8-8B4A-11D0-8D11-00A0C91BC942}") = "Zestaw2_2", "Zestaw2_2\Zestaw2_2.vcxproj", "{7C2FDE9A-5360-4349-A0AB-C0F6EEBCAAC3}"
EndProject
Global
	GlobalSection(SolutionConfigurationPlatforms) = preSolution
		Debug|x64 = Debug|x64
		Debug|x86 = Debug|x86
		Release|x64 = Release|x64
		Release|x86 = Release|x86
	EndGlobalSection
	GlobalSection(ProjectConfigurationPlatforms) = postSolution
		{7C2FDE9A-5360-4349-A0AB-C0F6EEBCAAC3}.Debug|x64.ActiveCfg = Debug|x64
		{7C2FDE9A-5360-4349-A0AB-C0F6EEBCAAC3}.Debug|x64.Build.0 = Debug|x64
		{7C2FDE9A-5360-4349-A0AB-C0F6EEBCAAC3}.Debug|x86.ActiveCfg = Debug|Win32
		{7C2FDE9A-5360-4349-A0AB-C0F6EEBCAAC3}.Debug|x86.Build.0 = Debug|Win32
		{7C2FDE9A-5360-4349-A0AB-C0F6EEBCAAC3}.Release|x64.ActiveCfg = Release|x64
		{7C2FDE9A-5360-4349-A0AB-C0F6EEBCAAC3}.Release|x64.Build.0 = Release|x64
		{7C2FDE9A-5360-4349-A0AB-C0F6EEBCAAC3}.Release|x86.ActiveCfg = Release|Win32
		{7C2FDE9A-5360-4349-A0AB-C0F6EEBCAAC3}.Release|x86.Build.0 = Release|Win32
	EndGlobalSection
	GlobalSection(SolutionProperties) = preSolution
		HideSolutionNode = FALSE
	EndGlobalSection
	GlobalSection(ExtensibilityGlobals) = postSolution
		SolutionGuid = {6A3C28EE-4A77-4706-AFF5-1B77BAFB6329}
	EndGlobalSection
EndGlobal
